
Microsoft Visual Studio Solution File, Format Version 12.00
# Visual Studio Version 16
VisualStudioVersion = 16.0.31911.196
MinimumVisualStudioVersion = 10.0.40219.1
Project("{FAE04EC0-301F-11D3-BF4B-00C04F79EFBC}") = "ArrayDemo", "ArrayDemo.csproj", "{B10831A1-16F8-45D7-BE57-CBB3CC7ADC07}"
EndProject
Global
	GlobalSection(SolutionConfigurationPlatforms) = preSolution
		Debug|Any CPU = Debug|Any CPU
		Release|Any CPU = Release|Any CPU
	EndGlobalSection
	GlobalSection(ProjectConfigurationPlatforms) = postSolution
		{B10831A1-16F8-45D7-BE57-CBB3CC7ADC07}.Debug|Any CPU.ActiveCfg = Debug|Any CPU
		{B10831A1-16F8-45D7-BE57-CBB3CC7ADC07}.Debug|Any CPU.Build.0 = Debug|Any CPU
		{B10831A1-16F8-45D7-BE57-CBB3CC7ADC07}.Release|Any CPU.ActiveCfg = Release|Any CPU
		{B10831A1-16F8-45D7-BE57-CBB3CC7ADC07}.Release|Any CPU.Build.0 = Release|Any CPU
	EndGlobalSection
	GlobalSection(SolutionProperties) = preSolution
		HideSolutionNode = FALSE
	EndGlobalSection
	GlobalSection(ExtensibilityGlobals) = postSolution
		SolutionGuid = {C2C2EB7F-366C-4289-B772-D5EF5DD8EB74}
	EndGlobalSection
EndGlobal
