
Microsoft Visual Studio Solution File, Format Version 12.00
# Visual Studio Version 16
VisualStudioVersion = 16.0.31911.196
MinimumVisualStudioVersion = 10.0.40219.1
Project("{FAE04EC0-301F-11D3-BF4B-00C04F79EFBC}") = "AppointmentConsoleApp", "AppointmentConsoleApp\AppointmentConsoleApp.csproj", "{19CB68C1-FC71-489A-A352-5E1F5D547BC3}"
EndProject
Global
	GlobalSection(SolutionConfigurationPlatforms) = preSolution
		Debug|Any CPU = Debug|Any CPU
		Release|Any CPU = Release|Any CPU
	EndGlobalSection
	GlobalSection(ProjectConfigurationPlatforms) = postSolution
		{19CB68C1-FC71-489A-A352-5E1F5D547BC3}.Debug|Any CPU.ActiveCfg = Debug|Any CPU
		{19CB68C1-FC71-489A-A352-5E1F5D547BC3}.Debug|Any CPU.Build.0 = Debug|Any CPU
		{19CB68C1-FC71-489A-A352-5E1F5D547BC3}.Release|Any CPU.ActiveCfg = Release|Any CPU
		{19CB68C1-FC71-489A-A352-5E1F5D547BC3}.Release|Any CPU.Build.0 = Release|Any CPU
	EndGlobalSection
	GlobalSection(SolutionProperties) = preSolution
		HideSolutionNode = FALSE
	EndGlobalSection
	GlobalSection(ExtensibilityGlobals) = postSolution
		SolutionGuid = {1066EB1C-2F9B-4A23-AF1D-2D6D81ED11EA}
	EndGlobalSection
EndGlobal
