
Microsoft Visual Studio Solution File, Format Version 12.00
# Visual Studio Version 16
VisualStudioVersion = 16.0.31911.196
MinimumVisualStudioVersion = 10.0.40219.1
Project("{FAE04EC0-301F-11D3-BF4B-00C04F79EFBC}") = "StringReaderAndWriter", "StringReaderAndWriter\StringReaderAndWriter.csproj", "{7AE442E6-3D4A-4086-B7A6-9284229EFC13}"
EndProject
Global
	GlobalSection(SolutionConfigurationPlatforms) = preSolution
		Debug|Any CPU = Debug|Any CPU
		Release|Any CPU = Release|Any CPU
	EndGlobalSection
	GlobalSection(ProjectConfigurationPlatforms) = postSolution
		{7AE442E6-3D4A-4086-B7A6-9284229EFC13}.Debug|Any CPU.ActiveCfg = Debug|Any CPU
		{7AE442E6-3D4A-4086-B7A6-9284229EFC13}.Debug|Any CPU.Build.0 = Debug|Any CPU
		{7AE442E6-3D4A-4086-B7A6-9284229EFC13}.Release|Any CPU.ActiveCfg = Release|Any CPU
		{7AE442E6-3D4A-4086-B7A6-9284229EFC13}.Release|Any CPU.Build.0 = Release|Any CPU
	EndGlobalSection
	GlobalSection(SolutionProperties) = preSolution
		HideSolutionNode = FALSE
	EndGlobalSection
	GlobalSection(ExtensibilityGlobals) = postSolution
		SolutionGuid = {4E00F8F9-4698-478B-8CD9-998BD077998F}
	EndGlobalSection
EndGlobal
