
Microsoft Visual Studio Solution File, Format Version 12.00
# Visual Studio Version 16
VisualStudioVersion = 16.0.31911.196
MinimumVisualStudioVersion = 10.0.40219.1
Project("{FAE04EC0-301F-11D3-BF4B-00C04F79EFBC}") = "Handson23dec_2", "Handson23dec_2\Handson23dec_2.csproj", "{06BC454E-1EC9-4C7A-AF9E-94CCA02723F8}"
EndProject
Global
	GlobalSection(SolutionConfigurationPlatforms) = preSolution
		Debug|Any CPU = Debug|Any CPU
		Release|Any CPU = Release|Any CPU
	EndGlobalSection
	GlobalSection(ProjectConfigurationPlatforms) = postSolution
		{06BC454E-1EC9-4C7A-AF9E-94CCA02723F8}.Debug|Any CPU.ActiveCfg = Debug|Any CPU
		{06BC454E-1EC9-4C7A-AF9E-94CCA02723F8}.Debug|Any CPU.Build.0 = Debug|Any CPU
		{06BC454E-1EC9-4C7A-AF9E-94CCA02723F8}.Release|Any CPU.ActiveCfg = Release|Any CPU
		{06BC454E-1EC9-4C7A-AF9E-94CCA02723F8}.Release|Any CPU.Build.0 = Release|Any CPU
	EndGlobalSection
	GlobalSection(SolutionProperties) = preSolution
		HideSolutionNode = FALSE
	EndGlobalSection
	GlobalSection(ExtensibilityGlobals) = postSolution
		SolutionGuid = {B1B7D91B-4F37-440C-8121-220D7665514C}
	EndGlobalSection
EndGlobal
