
Microsoft Visual Studio Solution File, Format Version 12.00
# Visual Studio Version 16
VisualStudioVersion = 16.0.31911.196
MinimumVisualStudioVersion = 10.0.40219.1
Project("{FAE04EC0-301F-11D3-BF4B-00C04F79EFBC}") = "TextWriterAndTextReader", "TextWriterAndTextReader\TextWriterAndTextReader.csproj", "{F9E5E2B6-B90C-4AA2-BB49-C010C8476D69}"
EndProject
Global
	GlobalSection(SolutionConfigurationPlatforms) = preSolution
		Debug|Any CPU = Debug|Any CPU
		Release|Any CPU = Release|Any CPU
	EndGlobalSection
	GlobalSection(ProjectConfigurationPlatforms) = postSolution
		{F9E5E2B6-B90C-4AA2-BB49-C010C8476D69}.Debug|Any CPU.ActiveCfg = Debug|Any CPU
		{F9E5E2B6-B90C-4AA2-BB49-C010C8476D69}.Debug|Any CPU.Build.0 = Debug|Any CPU
		{F9E5E2B6-B90C-4AA2-BB49-C010C8476D69}.Release|Any CPU.ActiveCfg = Release|Any CPU
		{F9E5E2B6-B90C-4AA2-BB49-C010C8476D69}.Release|Any CPU.Build.0 = Release|Any CPU
	EndGlobalSection
	GlobalSection(SolutionProperties) = preSolution
		HideSolutionNode = FALSE
	EndGlobalSection
	GlobalSection(ExtensibilityGlobals) = postSolution
		SolutionGuid = {C474BE7E-6B7D-4C75-9528-FCAD8792E9CB}
	EndGlobalSection
EndGlobal
