
Microsoft Visual Studio Solution File, Format Version 12.00
# Visual Studio Version 16
VisualStudioVersion = 16.0.31911.196
MinimumVisualStudioVersion = 10.0.40219.1
Project("{FAE04EC0-301F-11D3-BF4B-00C04F79EFBC}") = "ListInteger", "ListInteger.csproj", "{5F9293B1-BA3F-4A54-9607-FEB5AE394298}"
EndProject
Global
	GlobalSection(SolutionConfigurationPlatforms) = preSolution
		Debug|Any CPU = Debug|Any CPU
		Release|Any CPU = Release|Any CPU
	EndGlobalSection
	GlobalSection(ProjectConfigurationPlatforms) = postSolution
		{5F9293B1-BA3F-4A54-9607-FEB5AE394298}.Debug|Any CPU.ActiveCfg = Debug|Any CPU
		{5F9293B1-BA3F-4A54-9607-FEB5AE394298}.Debug|Any CPU.Build.0 = Debug|Any CPU
		{5F9293B1-BA3F-4A54-9607-FEB5AE394298}.Release|Any CPU.ActiveCfg = Release|Any CPU
		{5F9293B1-BA3F-4A54-9607-FEB5AE394298}.Release|Any CPU.Build.0 = Release|Any CPU
	EndGlobalSection
	GlobalSection(SolutionProperties) = preSolution
		HideSolutionNode = FALSE
	EndGlobalSection
	GlobalSection(ExtensibilityGlobals) = postSolution
		SolutionGuid = {C2BFA3A4-7F69-40CC-99F2-77FEAE6683F4}
	EndGlobalSection
EndGlobal
