
Microsoft Visual Studio Solution File, Format Version 12.00
# Visual Studio Version 16
VisualStudioVersion = 16.0.31911.196
MinimumVisualStudioVersion = 10.0.40219.1
Project("{FAE04EC0-301F-11D3-BF4B-00C04F79EFBC}") = "ArrayListConsoleApp", "ArrayListConsoleApp\ArrayListConsoleApp.csproj", "{6730CE3E-1BFF-4655-9DB9-82A9B9D28BF6}"
EndProject
Global
	GlobalSection(SolutionConfigurationPlatforms) = preSolution
		Debug|Any CPU = Debug|Any CPU
		Release|Any CPU = Release|Any CPU
	EndGlobalSection
	GlobalSection(ProjectConfigurationPlatforms) = postSolution
		{6730CE3E-1BFF-4655-9DB9-82A9B9D28BF6}.Debug|Any CPU.ActiveCfg = Debug|Any CPU
		{6730CE3E-1BFF-4655-9DB9-82A9B9D28BF6}.Debug|Any CPU.Build.0 = Debug|Any CPU
		{6730CE3E-1BFF-4655-9DB9-82A9B9D28BF6}.Release|Any CPU.ActiveCfg = Release|Any CPU
		{6730CE3E-1BFF-4655-9DB9-82A9B9D28BF6}.Release|Any CPU.Build.0 = Release|Any CPU
	EndGlobalSection
	GlobalSection(SolutionProperties) = preSolution
		HideSolutionNode = FALSE
	EndGlobalSection
	GlobalSection(ExtensibilityGlobals) = postSolution
		SolutionGuid = {DB1468E1-9DE4-4E5C-A88D-02E1D6AAE7FC}
	EndGlobalSection
EndGlobal
